<?xml version="1.0" encoding="utf-8"?>
<Project ToolsVersion="4.0" xmlns="http://schemas.microsoft.com/developer/msbuild/2003">
  <ItemGroup>
    <Filter Include="Source Files">
      <UniqueIdentifier>{4FC737F1-C7A5-4376-A066-2A32D752A2FF}</UniqueIdentifier>
      <Extensions>cpp;c;cc;cxx;c++;cppm;ixx;def;odl;idl;hpj;bat;asm;asmx</Extensions>
    </Filter>
    <Filter Include="Header Files">
      <UniqueIdentifier>{93995380-89BD-4b04-88EB-625FBE52EBFB}</UniqueIdentifier>
      <Extensions>h;hh;hpp;hxx;h++;hm;inl;inc;ipp;xsd</Extensions>
    </Filter>
    <Filter Include="Resource Files">
      <UniqueIdentifier>{67DA6AB6-F800-4c08-8B7A-83BB121AAD01}</UniqueIdentifier>
      <Extensions>rc;ico;cur;bmp;dlg;rc2;rct;bin;rgs;gif;jpg;jpeg;jpe;resx;tiff;tif;png;wav;mfcribbon-ms</Extensions>
    </Filter>
    <Filter Include="ThirdParty">
      <UniqueIdentifier>{622d84b9-247f-458b-84cb-0107118bcb57}</UniqueIdentifier>
    </Filter>
    <Filter Include="ThirdParty\jpeg">
      <UniqueIdentifier>{6fd7e3dc-0556-4f71-a70d-4183fe4be4ae}</UniqueIdentifier>
    </Filter>
    <Filter Include="Layers">
      <UniqueIdentifier>{341bf16e-459f-4b4b-8004-923981e51da2}</UniqueIdentifier>
    </Filter>
    <Filter Include="Utils">
      <UniqueIdentifier>{0bcbb11b-e381-4496-a441-489e9d421562}</UniqueIdentifier>
    </Filter>
  </ItemGroup>
  <ItemGroup>
    <ClInclude Include="framework.h">
      <Filter>Header Files</Filter>
    </ClInclude>
    <ClInclude Include="targetver.h">
      <Filter>Header Files</Filter>
    </ClInclude>
    <ClInclude Include="Resource.h">
      <Filter>Header Files</Filter>
    </ClInclude>
    <ClInclude Include="ToyDNN.h">
      <Filter>Header Files</Filter>
    </ClInclude>
    <ClInclude Include="Layer.h">
      <Filter>Header Files</Filter>
    </ClInclude>
    <ClInclude Include="NeuralNetwork.h">
      <Filter>Header Files</Filter>
    </ClInclude>
    <ClInclude Include="Examples.h">
      <Filter>Header Files</Filter>
    </ClInclude>
    <ClInclude Include="Tensor.h">
      <Filter>Header Files</Filter>
    </ClInclude>
    <ClInclude Include="ThirdParty\jpeg\tjpgd.h">
      <Filter>ThirdParty\jpeg</Filter>
    </ClInclude>
    <ClInclude Include="ThirdParty\jpeg\tjpgdcnf.h">
      <Filter>ThirdParty\jpeg</Filter>
    </ClInclude>
    <ClInclude Include="ActivationFuncs.h">
      <Filter>Header Files</Filter>
    </ClInclude>
    <ClInclude Include="JPEG.h">
      <Filter>Utils</Filter>
    </ClInclude>
    <ClInclude Include="BMP.h">
      <Filter>Utils</Filter>
    </ClInclude>
    <ClInclude Include="Datasets.h">
      <Filter>Utils</Filter>
    </ClInclude>
    <ClInclude Include="Util.h">
      <Filter>Utils</Filter>
    </ClInclude>
    <ClInclude Include="Layers\Convolution2DLayer.h">
      <Filter>Layers</Filter>
    </ClInclude>
    <ClInclude Include="Layers\FullyConnectedLayer.h">
      <Filter>Layers</Filter>
    </ClInclude>
  </ItemGroup>
  <ItemGroup>
    <ClCompile Include="ToyDNN.cpp">
      <Filter>Source Files</Filter>
    </ClCompile>
    <ClCompile Include="NeuralNetwork.cpp">
      <Filter>Source Files</Filter>
    </ClCompile>
    <ClCompile Include="Examples.cpp">
      <Filter>Source Files</Filter>
    </ClCompile>
    <ClCompile Include="ThirdParty\jpeg\tjpgd.c">
      <Filter>ThirdParty\jpeg</Filter>
    </ClCompile>
    <ClCompile Include="Datasets.cpp">
      <Filter>Utils</Filter>
    </ClCompile>
    <ClCompile Include="BMP.cpp">
      <Filter>Utils</Filter>
    </ClCompile>
    <ClCompile Include="JPEG.cpp">
      <Filter>Utils</Filter>
    </ClCompile>
    <ClCompile Include="Util.cpp">
      <Filter>Utils</Filter>
    </ClCompile>
  </ItemGroup>
  <ItemGroup>
    <ResourceCompile Include="ToyDNN.rc">
      <Filter>Resource Files</Filter>
    </ResourceCompile>
  </ItemGroup>
  <ItemGroup>
    <Image Include="small.ico">
      <Filter>Resource Files</Filter>
    </Image>
    <Image Include="ToyDNN.ico">
      <Filter>Resource Files</Filter>
    </Image>
  </ItemGroup>
  <ItemGroup>
    <Text Include="TODO.txt" />
  </ItemGroup>
</Project>