<?xml version="1.0" encoding="utf-8"?>
<Project ToolsVersion="4.0" xmlns="http://schemas.microsoft.com/developer/msbuild/2003">
  <ItemGroup>
    <Filter Include="Source Files">
      <UniqueIdentifier>{4FC737F1-C7A5-4376-A066-2A32D752A2FF}</UniqueIdentifier>
      <Extensions>cpp;c;cc;cxx;c++;cppm;ixx;def;odl;idl;hpj;bat;asm;asmx</Extensions>
    </Filter>
    <Filter Include="Header Files">
      <UniqueIdentifier>{93995380-89BD-4b04-88EB-625FBE52EBFB}</UniqueIdentifier>
      <Extensions>h;hh;hpp;hxx;h++;hm;inl;inc;ipp;xsd</Extensions>
    </Filter>
    <Filter Include="Resource Files">
      <UniqueIdentifier>{67DA6AB6-F800-4c08-8B7A-83BB121AAD01}</UniqueIdentifier>
      <Extensions>rc;ico;cur;bmp;dlg;rc2;rct;bin;rgs;gif;jpg;jpeg;jpe;resx;tiff;tif;png;wav;mfcribbon-ms</Extensions>
    </Filter>
    <Filter Include="UI">
      <UniqueIdentifier>{39740eda-12e6-4187-9d6e-734498ab6d02}</UniqueIdentifier>
    </Filter>
    <Filter Include="UI\MFC">
      <UniqueIdentifier>{b22ae987-6270-470f-99eb-6891aeb59066}</UniqueIdentifier>
    </Filter>
    <Filter Include="Layers">
      <UniqueIdentifier>{7a75a1f8-69be-43b9-b4a2-1b3ec4c3fd8c}</UniqueIdentifier>
    </Filter>
    <Filter Include="Core">
      <UniqueIdentifier>{c6e1e142-09b5-406e-95eb-264600fac3b3}</UniqueIdentifier>
    </Filter>
    <Filter Include="Util">
      <UniqueIdentifier>{adffe73c-6018-46ee-8fec-c29b4308d676}</UniqueIdentifier>
    </Filter>
    <Filter Include="Examples">
      <UniqueIdentifier>{f92680cc-841d-4faf-bbca-93405bd6f979}</UniqueIdentifier>
    </Filter>
    <Filter Include="ThirdParty">
      <UniqueIdentifier>{a58f7338-c308-47a3-838b-58c2119f9727}</UniqueIdentifier>
    </Filter>
    <Filter Include="ThirdParty\JPEG">
      <UniqueIdentifier>{c075de47-c835-44ec-821e-2cfa14543973}</UniqueIdentifier>
    </Filter>
  </ItemGroup>
  <ItemGroup>
    <ClInclude Include="ChildView.h">
      <Filter>UI\MFC</Filter>
    </ClInclude>
    <ClInclude Include="targetver.h">
      <Filter>UI\MFC</Filter>
    </ClInclude>
    <ClInclude Include="Resource.h">
      <Filter>UI\MFC</Filter>
    </ClInclude>
    <ClInclude Include="framework.h">
      <Filter>UI\MFC</Filter>
    </ClInclude>
    <ClInclude Include="pch.h">
      <Filter>UI\MFC</Filter>
    </ClInclude>
    <ClInclude Include="MainFrm.h">
      <Filter>UI\MFC</Filter>
    </ClInclude>
    <ClInclude Include="ToyDNN.h">
      <Filter>UI\MFC</Filter>
    </ClInclude>
    <ClInclude Include="Layers\Convolution2DLayer.h">
      <Filter>Layers</Filter>
    </ClInclude>
    <ClInclude Include="Layers\FullyConnectedLayer.h">
      <Filter>Layers</Filter>
    </ClInclude>
    <ClInclude Include="Layers\MaxPoolingLayer.h">
      <Filter>Layers</Filter>
    </ClInclude>
    <ClInclude Include="Layers\Activation\ActivationLayers.h">
      <Filter>Layers</Filter>
    </ClInclude>
    <ClInclude Include="Datasets.h">
      <Filter>Core</Filter>
    </ClInclude>
    <ClInclude Include="Layer.h">
      <Filter>Core</Filter>
    </ClInclude>
    <ClInclude Include="NeuralNetwork.h">
      <Filter>Core</Filter>
    </ClInclude>
    <ClInclude Include="Tensor.h">
      <Filter>Core</Filter>
    </ClInclude>
    <ClInclude Include="Util.h">
      <Filter>Util</Filter>
    </ClInclude>
    <ClInclude Include="JPEG.h">
      <Filter>Util</Filter>
    </ClInclude>
    <ClInclude Include="BMP.h">
      <Filter>Util</Filter>
    </ClInclude>
    <ClInclude Include="Examples.h">
      <Filter>Examples</Filter>
    </ClInclude>
    <ClInclude Include="Plot.h">
      <Filter>UI</Filter>
    </ClInclude>
    <ClInclude Include="ThirdParty\jpeg\tjpgd.h">
      <Filter>ThirdParty\JPEG</Filter>
    </ClInclude>
    <ClInclude Include="ThirdParty\jpeg\tjpgdcnf.h">
      <Filter>ThirdParty\JPEG</Filter>
    </ClInclude>
    <ClInclude Include="Win32BackBuffer.h">
      <Filter>UI\MFC</Filter>
    </ClInclude>
  </ItemGroup>
  <ItemGroup>
    <ClCompile Include="ChildView.cpp">
      <Filter>UI\MFC</Filter>
    </ClCompile>
    <ClCompile Include="MainFrm.cpp">
      <Filter>UI\MFC</Filter>
    </ClCompile>
    <ClCompile Include="pch.cpp">
      <Filter>UI\MFC</Filter>
    </ClCompile>
    <ClCompile Include="ToyDNN.cpp">
      <Filter>UI\MFC</Filter>
    </ClCompile>
    <ClCompile Include="Datasets.cpp">
      <Filter>Core</Filter>
    </ClCompile>
    <ClCompile Include="NeuralNetwork.cpp">
      <Filter>Core</Filter>
    </ClCompile>
    <ClCompile Include="Util.cpp">
      <Filter>Util</Filter>
    </ClCompile>
    <ClCompile Include="JPEG.cpp">
      <Filter>Util</Filter>
    </ClCompile>
    <ClCompile Include="BMP.cpp">
      <Filter>Util</Filter>
    </ClCompile>
    <ClCompile Include="Examples.cpp">
      <Filter>Examples</Filter>
    </ClCompile>
    <ClCompile Include="Plot.cpp">
      <Filter>UI</Filter>
    </ClCompile>
    <ClCompile Include="ThirdParty\jpeg\tjpgd.c">
      <Filter>ThirdParty\JPEG</Filter>
    </ClCompile>
    <ClCompile Include="Win32BackBuffer.cpp">
      <Filter>UI\MFC</Filter>
    </ClCompile>
  </ItemGroup>
  <ItemGroup>
    <ResourceCompile Include="ToyDNN.rc">
      <Filter>Resource Files</Filter>
    </ResourceCompile>
  </ItemGroup>
  <ItemGroup>
    <Image Include="res\userimages.bmp">
      <Filter>Resource Files</Filter>
    </Image>
    <Image Include="res\ToyDNN.ico">
      <Filter>Resource Files</Filter>
    </Image>
    <Image Include="res\Toolbar.bmp">
      <Filter>Resource Files</Filter>
    </Image>
    <Image Include="res\Toolbar256.bmp">
      <Filter>Resource Files</Filter>
    </Image>
  </ItemGroup>
  <ItemGroup>
    <None Include="res\ToyDNN.rc2">
      <Filter>Resource Files</Filter>
    </None>
  </ItemGroup>
</Project>